# This file is autogenerated, do not edit; changes may be undone by the next 'dep ensure'.


[[projects]]
  branch = "master"
  name = "github.com/gammazero/deque"
  packages = ["."]
  revision = "f6adf94963e448a692b33e9ddc931ff10afbb79b"

[[projects]]
  branch = "master"
  name = "github.com/gammazero/workerpool"
  packages = ["."]
  revision = "48371c973101f1425ff30aef37cbaf0c65822b22"

[[projects]]
  name = "github.com/go-sql-driver/mysql"
  packages = ["."]
  revision = "d523deb1b23d913de5bdada721a6071e71283618"
  version = "v1.4.0"

[[projects]]
  name = "github.com/julienschmidt/httprouter"
  packages = ["."]
  revision = "8c199fb6259ffc1af525cc3ad52ee60ba8359669"
  version = "v1.1"

[[projects]]
  name = "github.com/rs/cors"
  packages = ["."]
  revision = "3fb1b69b103a84de38a19c3c6ec073dd6caa4d3f"
  version = "v1.5.0"

[[projects]]
  name = "google.golang.org/appengine"
  packages = ["cloudsql"]
  revision = "b1f26356af11148e710935ed1ac8a7f5702c7612"
  version = "v1.1.0"

[solve-meta]
  analyzer-name = "dep"
  analyzer-version = 1
  inputs-digest = "8e9bc4d8f898d6296095faddf8374394b6afca15cc02cb4b2e3bd4b9c2c9e2f7"
  solver-name = "gps-cdcl"
  solver-version = 1
